
Microsoft Visual Studio Solution File, Format Version 12.00
# Visual Studio 15
VisualStudioVersion = 15.0.28010.2041
MinimumVisualStudioVersion = 10.0.40219.1
Project("{FAE04EC0-301F-11D3-BF4B-00C04F79EFBC}") = "2048.02", "2048.02\2048.02.csproj", "{AFCC3FC9-53A7-4B30-B401-3E8C46AEA352}"
EndProject
Global
	GlobalSection(SolutionConfigurationPlatforms) = preSolution
		Debug|Any CPU = Debug|Any CPU
		Release|Any CPU = Release|Any CPU
	EndGlobalSection
	GlobalSection(ProjectConfigurationPlatforms) = postSolution
		{AFCC3FC9-53A7-4B30-B401-3E8C46AEA352}.Debug|Any CPU.ActiveCfg = Debug|Any CPU
		{AFCC3FC9-53A7-4B30-B401-3E8C46AEA352}.Debug|Any CPU.Build.0 = Debug|Any CPU
		{AFCC3FC9-53A7-4B30-B401-3E8C46AEA352}.Release|Any CPU.ActiveCfg = Release|Any CPU
		{AFCC3FC9-53A7-4B30-B401-3E8C46AEA352}.Release|Any CPU.Build.0 = Release|Any CPU
	EndGlobalSection
	GlobalSection(SolutionProperties) = preSolution
		HideSolutionNode = FALSE
	EndGlobalSection
	GlobalSection(ExtensibilityGlobals) = postSolution
		SolutionGuid = {0902171E-F55A-4F95-BA0C-DB2A17949A12}
	EndGlobalSection
EndGlobal
